
Microsoft Visual Studio Solution File, Format Version 12.00
# Visual Studio 15
Project("{FAE04EC0-301F-11D3-BF4B-00C04F79EFBC}") = "HOOKTRIS", "Assembly-CSharp.csproj", "{C646A3E7-FB05-0176-9B33-2F1089EE0950}"
EndProject
Global
	GlobalSection(SolutionConfigurationPlatforms) = preSolution
		Debug|Any CPU = Debug|Any CPU
		Release|Any CPU = Release|Any CPU
	EndGlobalSection
	GlobalSection(ProjectConfigurationPlatforms) = postSolution
		{C646A3E7-FB05-0176-9B33-2F1089EE0950}.Debug|Any CPU.ActiveCfg = Debug|Any CPU
		{C646A3E7-FB05-0176-9B33-2F1089EE0950}.Debug|Any CPU.Build.0 = Debug|Any CPU
		{C646A3E7-FB05-0176-9B33-2F1089EE0950}.Release|Any CPU.ActiveCfg = Release|Any CPU
		{C646A3E7-FB05-0176-9B33-2F1089EE0950}.Release|Any CPU.Build.0 = Release|Any CPU
	EndGlobalSection
	GlobalSection(SolutionProperties) = preSolution
		HideSolutionNode = FALSE
	EndGlobalSection
EndGlobal
